
Microsoft Visual Studio Solution File, Format Version 12.00
# Visual Studio Version 17
VisualStudioVersion = 17.0.31903.59
MinimumVisualStudioVersion = 10.0.40219.1
Project("{FAE04EC0-301F-11D3-BF4B-00C04F79EFBC}") = "AdventOfCode", "src\AdventOfCode.csproj", "{D5807902-CD26-45AE-8265-ABC5C7CD375E}"
EndProject
Project("{2150E333-8FDC-42A3-9474-1A3956D46DE8}") = "Solution Files", "Solution Files", "{AAEC1185-7EE4-48BA-9E35-7EA544A5527F}"
	ProjectSection(SolutionItems) = preProject
		.gitignore = .gitignore
		README.md = README.md
		global.json = global.json
	EndProjectSection
EndProject
Project("{2150E333-8FDC-42A3-9474-1A3956D46DE8}") = "src", "src", "{82352BB5-0576-461B-9F9F-E89B538AAD1E}"
EndProject
Global
	GlobalSection(SolutionConfigurationPlatforms) = preSolution
		Debug|Any CPU = Debug|Any CPU
		Release|Any CPU = Release|Any CPU
	EndGlobalSection
	GlobalSection(SolutionProperties) = preSolution
		HideSolutionNode = FALSE
	EndGlobalSection
	GlobalSection(ProjectConfigurationPlatforms) = postSolution
		{D5807902-CD26-45AE-8265-ABC5C7CD375E}.Debug|Any CPU.ActiveCfg = Debug|Any CPU
		{D5807902-CD26-45AE-8265-ABC5C7CD375E}.Debug|Any CPU.Build.0 = Debug|Any CPU
		{D5807902-CD26-45AE-8265-ABC5C7CD375E}.Release|Any CPU.ActiveCfg = Release|Any CPU
		{D5807902-CD26-45AE-8265-ABC5C7CD375E}.Release|Any CPU.Build.0 = Release|Any CPU
	EndGlobalSection
	GlobalSection(NestedProjects) = preSolution
		{D5807902-CD26-45AE-8265-ABC5C7CD375E} = {82352BB5-0576-461B-9F9F-E89B538AAD1E}
	EndGlobalSection
EndGlobal
